// !$*UTF8*$!
{
	archiveVersion = 1;
	classes = {
	};
	objectVersion = 56;
	objects = {

/* Begin PBXBuildFile section */
		E81C1A0A2A1459D4001A6653 /* RestaurantLoader.swift in Sources */ = {isa = PBXBuildFile; fileRef = E81C1A092A1459D4001A6653 /* RestaurantLoader.swift */; };
		E81C1A0C2A145E28001A6653 /* LocalRestaurantLoaderForLoadCommandTests.swift in Sources */ = {isa = PBXBuildFile; fileRef = E81C1A0B2A145E28001A6653 /* LocalRestaurantLoaderForLoadCommandTests.swift */; };
		E81C1A0E2A1463D4001A6653 /* CacheClientSpy.swift in Sources */ = {isa = PBXBuildFile; fileRef = E81C1A0D2A1463D4001A6653 /* CacheClientSpy.swift */; };
		E828DAF329D60FAD00ECEF14 /* NetworkServiceTests.swift in Sources */ = {isa = PBXBuildFile; fileRef = E828DAF229D60FAD00ECEF14 /* NetworkServiceTests.swift */; };
		E84D2C6C29DCB27800E07D3D /* URLSessionSpy.swift in Sources */ = {isa = PBXBuildFile; fileRef = E84D2C6B29DCB27800E07D3D /* URLSessionSpy.swift */; };
		E84D2C6E29DCB2B500E07D3D /* XCTestCase+Helpers.swift in Sources */ = {isa = PBXBuildFile; fileRef = E84D2C6D29DCB2B500E07D3D /* XCTestCase+Helpers.swift */; };
		E85317BC2A4A7513009ADB15 /* RestaurantListViewModel.swift in Sources */ = {isa = PBXBuildFile; fileRef = E85317BB2A4A7513009ADB15 /* RestaurantListViewModel.swift */; };
		E85317C22A4A8236009ADB15 /* RestaurantListInteractor.swift in Sources */ = {isa = PBXBuildFile; fileRef = E85317C12A4A8236009ADB15 /* RestaurantListInteractor.swift */; };
		E85317C42A4A8442009ADB15 /* RestaurantListPresenter.swift in Sources */ = {isa = PBXBuildFile; fileRef = E85317C32A4A8442009ADB15 /* RestaurantListPresenter.swift */; };
		E863A75829D4EF24004BDB71 /* NetworkClient.swift in Sources */ = {isa = PBXBuildFile; fileRef = E863A75729D4EF24004BDB71 /* NetworkClient.swift */; };
		E863A75A29D4EF7C004BDB71 /* RestaurantItem.swift in Sources */ = {isa = PBXBuildFile; fileRef = E863A75929D4EF7C004BDB71 /* RestaurantItem.swift */; };
		E863A75C29D4EFCA004BDB71 /* NetworkClientSpy.swift in Sources */ = {isa = PBXBuildFile; fileRef = E863A75B29D4EFCA004BDB71 /* NetworkClientSpy.swift */; };
		E87AF58F2A4A5D2300410C71 /* RefreshController.swift in Sources */ = {isa = PBXBuildFile; fileRef = E87AF58E2A4A5D2300410C71 /* RefreshController.swift */; };
		E87AF5912A4A60EA00410C71 /* RestaurantItemCellController.swift in Sources */ = {isa = PBXBuildFile; fileRef = E87AF5902A4A60EA00410C71 /* RestaurantItemCellController.swift */; };
		E87AF5932A4A629500410C71 /* RestaurantItemCell.swift in Sources */ = {isa = PBXBuildFile; fileRef = E87AF5922A4A629500410C71 /* RestaurantItemCell.swift */; };
		E87AF5952A4A63D200410C71 /* RestaurantListCompose.swift in Sources */ = {isa = PBXBuildFile; fileRef = E87AF5942A4A63D200410C71 /* RestaurantListCompose.swift */; };
		E87CF9192A427BA200B593A9 /* CacheServiceTests.swift in Sources */ = {isa = PBXBuildFile; fileRef = E87CF9182A427BA200B593A9 /* CacheServiceTests.swift */; };
		E8ADCC1D29EC3D1C00ABC1D1 /* LocalRestaurantLoader.swift in Sources */ = {isa = PBXBuildFile; fileRef = E8ADCC1C29EC3D1C00ABC1D1 /* LocalRestaurantLoader.swift */; };
		E8ADCC2029EC3D3600ABC1D1 /* LocalRestaurantLoaderForSaveTests.swift in Sources */ = {isa = PBXBuildFile; fileRef = E8ADCC1F29EC3D3600ABC1D1 /* LocalRestaurantLoaderForSaveTests.swift */; };
		E8AF888D2A451A1A0097FB02 /* RestaurantUI.framework in Frameworks */ = {isa = PBXBuildFile; fileRef = E8AF88852A451A1A0097FB02 /* RestaurantUI.framework */; };
		E8AF88922A451A1A0097FB02 /* RestaurantUITests.swift in Sources */ = {isa = PBXBuildFile; fileRef = E8AF88912A451A1A0097FB02 /* RestaurantUITests.swift */; };
		E8AF88932A451A1A0097FB02 /* RestaurantUI.h in Headers */ = {isa = PBXBuildFile; fileRef = E8AF88872A451A1A0097FB02 /* RestaurantUI.h */; settings = {ATTRIBUTES = (Public, ); }; };
		E8AF889B2A451ABF0097FB02 /* RestaurantListViewController.swift in Sources */ = {isa = PBXBuildFile; fileRef = E8AF889A2A451ABF0097FB02 /* RestaurantListViewController.swift */; };
		E8AF889C2A451ADA0097FB02 /* RestaurantDomain.framework in Frameworks */ = {isa = PBXBuildFile; fileRef = E8E04E1A29D32F1000E532B5 /* RestaurantDomain.framework */; };
		E8AF889D2A451ADA0097FB02 /* RestaurantDomain.framework in Embed Frameworks */ = {isa = PBXBuildFile; fileRef = E8E04E1A29D32F1000E532B5 /* RestaurantDomain.framework */; settings = {ATTRIBUTES = (CodeSignOnCopy, RemoveHeadersOnCopy, ); }; };
		E8AF88A12A451AF70097FB02 /* XCTestCase+Helpers.swift in Sources */ = {isa = PBXBuildFile; fileRef = E84D2C6D29DCB2B500E07D3D /* XCTestCase+Helpers.swift */; };
		E8B50BFC2A26CF6000911571 /* LocalRestaurantLoaderForValidateCacheCommandTests.swift in Sources */ = {isa = PBXBuildFile; fileRef = E8B50BFB2A26CF6000911571 /* LocalRestaurantLoaderForValidateCacheCommandTests.swift */; };
		E8B50BFE2A26E73300911571 /* CachePolicy.swift in Sources */ = {isa = PBXBuildFile; fileRef = E8B50BFD2A26E73300911571 /* CachePolicy.swift */; };
		E8B50C002A26E77400911571 /* CacheClient.swift in Sources */ = {isa = PBXBuildFile; fileRef = E8B50BFF2A26E77400911571 /* CacheClient.swift */; };
		E8E04E2329D32F1100E532B5 /* RestaurantDomain.framework in Frameworks */ = {isa = PBXBuildFile; fileRef = E8E04E1A29D32F1000E532B5 /* RestaurantDomain.framework */; };
		E8E04E2829D32F1100E532B5 /* RemoteRestaurantLoaderTests.swift in Sources */ = {isa = PBXBuildFile; fileRef = E8E04E2729D32F1100E532B5 /* RemoteRestaurantLoaderTests.swift */; };
		E8E04E2929D32F1100E532B5 /* RestaurantDomain.h in Headers */ = {isa = PBXBuildFile; fileRef = E8E04E1D29D32F1000E532B5 /* RestaurantDomain.h */; settings = {ATTRIBUTES = (Public, ); }; };
		E8E04E3329D330BC00E532B5 /* RemoteRestaurantLoader.swift in Sources */ = {isa = PBXBuildFile; fileRef = E8E04E3229D330BC00E532B5 /* RemoteRestaurantLoader.swift */; };
/* End PBXBuildFile section */

/* Begin PBXContainerItemProxy section */
		E8AF888E2A451A1A0097FB02 /* PBXContainerItemProxy */ = {
			isa = PBXContainerItemProxy;
			containerPortal = E8E04E1129D32F1000E532B5 /* Project object */;
			proxyType = 1;
			remoteGlobalIDString = E8AF88842A451A1A0097FB02;
			remoteInfo = RestaurantUI;
		};
		E8AF889E2A451ADA0097FB02 /* PBXContainerItemProxy */ = {
			isa = PBXContainerItemProxy;
			containerPortal = E8E04E1129D32F1000E532B5 /* Project object */;
			proxyType = 1;
			remoteGlobalIDString = E8E04E1929D32F1000E532B5;
			remoteInfo = RestaurantDomain;
		};
		E8E04E2429D32F1100E532B5 /* PBXContainerItemProxy */ = {
			isa = PBXContainerItemProxy;
			containerPortal = E8E04E1129D32F1000E532B5 /* Project object */;
			proxyType = 1;
			remoteGlobalIDString = E8E04E1929D32F1000E532B5;
			remoteInfo = RestaurantDomain;
		};
/* End PBXContainerItemProxy section */

/* Begin PBXCopyFilesBuildPhase section */
		E8AF88A02A451ADA0097FB02 /* Embed Frameworks */ = {
			isa = PBXCopyFilesBuildPhase;
			buildActionMask = 2147483647;
			dstPath = "";
			dstSubfolderSpec = 10;
			files = (
				E8AF889D2A451ADA0097FB02 /* RestaurantDomain.framework in Embed Frameworks */,
			);
			name = "Embed Frameworks";
			runOnlyForDeploymentPostprocessing = 0;
		};
/* End PBXCopyFilesBuildPhase section */

/* Begin PBXFileReference section */
		E81C1A092A1459D4001A6653 /* RestaurantLoader.swift */ = {isa = PBXFileReference; lastKnownFileType = sourcecode.swift; path = RestaurantLoader.swift; sourceTree = "<group>"; };
		E81C1A0B2A145E28001A6653 /* LocalRestaurantLoaderForLoadCommandTests.swift */ = {isa = PBXFileReference; lastKnownFileType = sourcecode.swift; path = LocalRestaurantLoaderForLoadCommandTests.swift; sourceTree = "<group>"; };
		E81C1A0D2A1463D4001A6653 /* CacheClientSpy.swift */ = {isa = PBXFileReference; lastKnownFileType = sourcecode.swift; path = CacheClientSpy.swift; sourceTree = "<group>"; };
		E828DAF229D60FAD00ECEF14 /* NetworkServiceTests.swift */ = {isa = PBXFileReference; lastKnownFileType = sourcecode.swift; path = NetworkServiceTests.swift; sourceTree = "<group>"; };
		E84D2C6B29DCB27800E07D3D /* URLSessionSpy.swift */ = {isa = PBXFileReference; lastKnownFileType = sourcecode.swift; path = URLSessionSpy.swift; sourceTree = "<group>"; };
		E84D2C6D29DCB2B500E07D3D /* XCTestCase+Helpers.swift */ = {isa = PBXFileReference; lastKnownFileType = sourcecode.swift; path = "XCTestCase+Helpers.swift"; sourceTree = "<group>"; };
		E85317BB2A4A7513009ADB15 /* RestaurantListViewModel.swift */ = {isa = PBXFileReference; lastKnownFileType = sourcecode.swift; path = RestaurantListViewModel.swift; sourceTree = "<group>"; };
		E85317C12A4A8236009ADB15 /* RestaurantListInteractor.swift */ = {isa = PBXFileReference; lastKnownFileType = sourcecode.swift; path = RestaurantListInteractor.swift; sourceTree = "<group>"; };
		E85317C32A4A8442009ADB15 /* RestaurantListPresenter.swift */ = {isa = PBXFileReference; lastKnownFileType = sourcecode.swift; path = RestaurantListPresenter.swift; sourceTree = "<group>"; };
		E863A75729D4EF24004BDB71 /* NetworkClient.swift */ = {isa = PBXFileReference; lastKnownFileType = sourcecode.swift; path = NetworkClient.swift; sourceTree = "<group>"; };
		E863A75929D4EF7C004BDB71 /* RestaurantItem.swift */ = {isa = PBXFileReference; lastKnownFileType = sourcecode.swift; path = RestaurantItem.swift; sourceTree = "<group>"; };
		E863A75B29D4EFCA004BDB71 /* NetworkClientSpy.swift */ = {isa = PBXFileReference; lastKnownFileType = sourcecode.swift; path = NetworkClientSpy.swift; sourceTree = "<group>"; };
		E87AF58E2A4A5D2300410C71 /* RefreshController.swift */ = {isa = PBXFileReference; lastKnownFileType = sourcecode.swift; path = RefreshController.swift; sourceTree = "<group>"; };
		E87AF5902A4A60EA00410C71 /* RestaurantItemCellController.swift */ = {isa = PBXFileReference; lastKnownFileType = sourcecode.swift; path = RestaurantItemCellController.swift; sourceTree = "<group>"; };
		E87AF5922A4A629500410C71 /* RestaurantItemCell.swift */ = {isa = PBXFileReference; lastKnownFileType = sourcecode.swift; path = RestaurantItemCell.swift; sourceTree = "<group>"; };
		E87AF5942A4A63D200410C71 /* RestaurantListCompose.swift */ = {isa = PBXFileReference; lastKnownFileType = sourcecode.swift; path = RestaurantListCompose.swift; sourceTree = "<group>"; };
		E87CF9182A427BA200B593A9 /* CacheServiceTests.swift */ = {isa = PBXFileReference; lastKnownFileType = sourcecode.swift; path = CacheServiceTests.swift; sourceTree = "<group>"; };
		E8ADCC1C29EC3D1C00ABC1D1 /* LocalRestaurantLoader.swift */ = {isa = PBXFileReference; lastKnownFileType = sourcecode.swift; path = LocalRestaurantLoader.swift; sourceTree = "<group>"; };
		E8ADCC1F29EC3D3600ABC1D1 /* LocalRestaurantLoaderForSaveTests.swift */ = {isa = PBXFileReference; lastKnownFileType = sourcecode.swift; path = LocalRestaurantLoaderForSaveTests.swift; sourceTree = "<group>"; };
		E8AF88852A451A1A0097FB02 /* RestaurantUI.framework */ = {isa = PBXFileReference; explicitFileType = wrapper.framework; includeInIndex = 0; path = RestaurantUI.framework; sourceTree = BUILT_PRODUCTS_DIR; };
		E8AF88872A451A1A0097FB02 /* RestaurantUI.h */ = {isa = PBXFileReference; lastKnownFileType = sourcecode.c.h; path = RestaurantUI.h; sourceTree = "<group>"; };
		E8AF888C2A451A1A0097FB02 /* RestaurantUITests.xctest */ = {isa = PBXFileReference; explicitFileType = wrapper.cfbundle; includeInIndex = 0; path = RestaurantUITests.xctest; sourceTree = BUILT_PRODUCTS_DIR; };
		E8AF88912A451A1A0097FB02 /* RestaurantUITests.swift */ = {isa = PBXFileReference; lastKnownFileType = sourcecode.swift; path = RestaurantUITests.swift; sourceTree = "<group>"; };
		E8AF889A2A451ABF0097FB02 /* RestaurantListViewController.swift */ = {isa = PBXFileReference; lastKnownFileType = sourcecode.swift; path = RestaurantListViewController.swift; sourceTree = "<group>"; };
		E8B50BFB2A26CF6000911571 /* LocalRestaurantLoaderForValidateCacheCommandTests.swift */ = {isa = PBXFileReference; lastKnownFileType = sourcecode.swift; path = LocalRestaurantLoaderForValidateCacheCommandTests.swift; sourceTree = "<group>"; };
		E8B50BFD2A26E73300911571 /* CachePolicy.swift */ = {isa = PBXFileReference; lastKnownFileType = sourcecode.swift; path = CachePolicy.swift; sourceTree = "<group>"; };
		E8B50BFF2A26E77400911571 /* CacheClient.swift */ = {isa = PBXFileReference; lastKnownFileType = sourcecode.swift; path = CacheClient.swift; sourceTree = "<group>"; };
		E8E04E1A29D32F1000E532B5 /* RestaurantDomain.framework */ = {isa = PBXFileReference; explicitFileType = wrapper.framework; includeInIndex = 0; path = RestaurantDomain.framework; sourceTree = BUILT_PRODUCTS_DIR; };
		E8E04E1D29D32F1000E532B5 /* RestaurantDomain.h */ = {isa = PBXFileReference; lastKnownFileType = sourcecode.c.h; path = RestaurantDomain.h; sourceTree = "<group>"; };
		E8E04E2229D32F1100E532B5 /* RestaurantDomainTests.xctest */ = {isa = PBXFileReference; explicitFileType = wrapper.cfbundle; includeInIndex = 0; path = RestaurantDomainTests.xctest; sourceTree = BUILT_PRODUCTS_DIR; };
		E8E04E2729D32F1100E532B5 /* RemoteRestaurantLoaderTests.swift */ = {isa = PBXFileReference; lastKnownFileType = sourcecode.swift; path = RemoteRestaurantLoaderTests.swift; sourceTree = "<group>"; };
		E8E04E3229D330BC00E532B5 /* RemoteRestaurantLoader.swift */ = {isa = PBXFileReference; lastKnownFileType = sourcecode.swift; path = RemoteRestaurantLoader.swift; sourceTree = "<group>"; };
/* End PBXFileReference section */

/* Begin PBXFrameworksBuildPhase section */
		E8AF88822A451A1A0097FB02 /* Frameworks */ = {
			isa = PBXFrameworksBuildPhase;
			buildActionMask = 2147483647;
			files = (
				E8AF889C2A451ADA0097FB02 /* RestaurantDomain.framework in Frameworks */,
			);
			runOnlyForDeploymentPostprocessing = 0;
		};
		E8AF88892A451A1A0097FB02 /* Frameworks */ = {
			isa = PBXFrameworksBuildPhase;
			buildActionMask = 2147483647;
			files = (
				E8AF888D2A451A1A0097FB02 /* RestaurantUI.framework in Frameworks */,
			);
			runOnlyForDeploymentPostprocessing = 0;
		};
		E8E04E1729D32F1000E532B5 /* Frameworks */ = {
			isa = PBXFrameworksBuildPhase;
			buildActionMask = 2147483647;
			files = (
			);
			runOnlyForDeploymentPostprocessing = 0;
		};
		E8E04E1F29D32F1100E532B5 /* Frameworks */ = {
			isa = PBXFrameworksBuildPhase;
			buildActionMask = 2147483647;
			files = (
				E8E04E2329D32F1100E532B5 /* RestaurantDomain.framework in Frameworks */,
			);
			runOnlyForDeploymentPostprocessing = 0;
		};
/* End PBXFrameworksBuildPhase section */

/* Begin PBXGroup section */
		E83823442A45041F00083283 /* Frameworks */ = {
			isa = PBXGroup;
			children = (
			);
			name = Frameworks;
			sourceTree = "<group>";
		};
		E85317BD2A4A81F7009ADB15 /* Controllers */ = {
			isa = PBXGroup;
			children = (
				E8AF889A2A451ABF0097FB02 /* RestaurantListViewController.swift */,
				E87AF58E2A4A5D2300410C71 /* RefreshController.swift */,
				E87AF5902A4A60EA00410C71 /* RestaurantItemCellController.swift */,
			);
			path = Controllers;
			sourceTree = "<group>";
		};
		E85317BE2A4A81FF009ADB15 /* ViewModel */ = {
			isa = PBXGroup;
			children = (
				E85317BB2A4A7513009ADB15 /* RestaurantListViewModel.swift */,
			);
			path = ViewModel;
			sourceTree = "<group>";
		};
		E85317BF2A4A8209009ADB15 /* Components */ = {
			isa = PBXGroup;
			children = (
				E87AF5922A4A629500410C71 /* RestaurantItemCell.swift */,
			);
			path = Components;
			sourceTree = "<group>";
		};
		E85317C02A4A8225009ADB15 /* VIP */ = {
			isa = PBXGroup;
			children = (
				E85317C12A4A8236009ADB15 /* RestaurantListInteractor.swift */,
				E85317C32A4A8442009ADB15 /* RestaurantListPresenter.swift */,
			);
			path = VIP;
			sourceTree = "<group>";
		};
		E8ADCC1929EC3CAB00ABC1D1 /* RemoteLoader */ = {
			isa = PBXGroup;
			children = (
				E8E04E3229D330BC00E532B5 /* RemoteRestaurantLoader.swift */,
				E863A75729D4EF24004BDB71 /* NetworkClient.swift */,
			);
			path = RemoteLoader;
			sourceTree = "<group>";
		};
		E8ADCC1A29EC3CC600ABC1D1 /* RemoderLoader */ = {
			isa = PBXGroup;
			children = (
				E8E04E2729D32F1100E532B5 /* RemoteRestaurantLoaderTests.swift */,
				E863A75B29D4EFCA004BDB71 /* NetworkClientSpy.swift */,
				E828DAF229D60FAD00ECEF14 /* NetworkServiceTests.swift */,
				E84D2C6B29DCB27800E07D3D /* URLSessionSpy.swift */,
			);
			path = RemoderLoader;
			sourceTree = "<group>";
		};
		E8ADCC1B29EC3D0500ABC1D1 /* LocalLoader */ = {
			isa = PBXGroup;
			children = (
				E8ADCC1C29EC3D1C00ABC1D1 /* LocalRestaurantLoader.swift */,
				E8B50BFD2A26E73300911571 /* CachePolicy.swift */,
				E8B50BFF2A26E77400911571 /* CacheClient.swift */,
			);
			path = LocalLoader;
			sourceTree = "<group>";
		};
		E8ADCC1E29EC3D2500ABC1D1 /* LocalLoader */ = {
			isa = PBXGroup;
			children = (
				E8ADCC1F29EC3D3600ABC1D1 /* LocalRestaurantLoaderForSaveTests.swift */,
				E81C1A0B2A145E28001A6653 /* LocalRestaurantLoaderForLoadCommandTests.swift */,
				E81C1A0D2A1463D4001A6653 /* CacheClientSpy.swift */,
				E8B50BFB2A26CF6000911571 /* LocalRestaurantLoaderForValidateCacheCommandTests.swift */,
				E87CF9182A427BA200B593A9 /* CacheServiceTests.swift */,
			);
			path = LocalLoader;
			sourceTree = "<group>";
		};
		E8AF88862A451A1A0097FB02 /* RestaurantUI */ = {
			isa = PBXGroup;
			children = (
				E85317C02A4A8225009ADB15 /* VIP */,
				E85317BF2A4A8209009ADB15 /* Components */,
				E85317BE2A4A81FF009ADB15 /* ViewModel */,
				E85317BD2A4A81F7009ADB15 /* Controllers */,
				E8AF88872A451A1A0097FB02 /* RestaurantUI.h */,
				E87AF5942A4A63D200410C71 /* RestaurantListCompose.swift */,
			);
			path = RestaurantUI;
			sourceTree = "<group>";
		};
		E8AF88902A451A1A0097FB02 /* RestaurantUITests */ = {
			isa = PBXGroup;
			children = (
				E8AF88912A451A1A0097FB02 /* RestaurantUITests.swift */,
			);
			path = RestaurantUITests;
			sourceTree = "<group>";
		};
		E8E04E1029D32F1000E532B5 = {
			isa = PBXGroup;
			children = (
				E8E04E1C29D32F1000E532B5 /* RestaurantDomain */,
				E8E04E2629D32F1100E532B5 /* RestaurantDomainTests */,
				E8AF88862A451A1A0097FB02 /* RestaurantUI */,
				E8AF88902A451A1A0097FB02 /* RestaurantUITests */,
				E8E04E1B29D32F1000E532B5 /* Products */,
				E83823442A45041F00083283 /* Frameworks */,
			);
			sourceTree = "<group>";
		};
		E8E04E1B29D32F1000E532B5 /* Products */ = {
			isa = PBXGroup;
			children = (
				E8E04E1A29D32F1000E532B5 /* RestaurantDomain.framework */,
				E8E04E2229D32F1100E532B5 /* RestaurantDomainTests.xctest */,
				E8AF88852A451A1A0097FB02 /* RestaurantUI.framework */,
				E8AF888C2A451A1A0097FB02 /* RestaurantUITests.xctest */,
			);
			name = Products;
			sourceTree = "<group>";
		};
		E8E04E1C29D32F1000E532B5 /* RestaurantDomain */ = {
			isa = PBXGroup;
			children = (
				E8ADCC1B29EC3D0500ABC1D1 /* LocalLoader */,
				E8ADCC1929EC3CAB00ABC1D1 /* RemoteLoader */,
				E8E04E1D29D32F1000E532B5 /* RestaurantDomain.h */,
				E863A75929D4EF7C004BDB71 /* RestaurantItem.swift */,
				E81C1A092A1459D4001A6653 /* RestaurantLoader.swift */,
			);
			path = RestaurantDomain;
			sourceTree = "<group>";
		};
		E8E04E2629D32F1100E532B5 /* RestaurantDomainTests */ = {
			isa = PBXGroup;
			children = (
				E8ADCC1E29EC3D2500ABC1D1 /* LocalLoader */,
				E8ADCC1A29EC3CC600ABC1D1 /* RemoderLoader */,
				E84D2C6D29DCB2B500E07D3D /* XCTestCase+Helpers.swift */,
			);
			path = RestaurantDomainTests;
			sourceTree = "<group>";
		};
/* End PBXGroup section */

/* Begin PBXHeadersBuildPhase section */
		E8AF88802A451A1A0097FB02 /* Headers */ = {
			isa = PBXHeadersBuildPhase;
			buildActionMask = 2147483647;
			files = (
				E8AF88932A451A1A0097FB02 /* RestaurantUI.h in Headers */,
			);
			runOnlyForDeploymentPostprocessing = 0;
		};
		E8E04E1529D32F1000E532B5 /* Headers */ = {
			isa = PBXHeadersBuildPhase;
			buildActionMask = 2147483647;
			files = (
				E8E04E2929D32F1100E532B5 /* RestaurantDomain.h in Headers */,
			);
			runOnlyForDeploymentPostprocessing = 0;
		};
/* End PBXHeadersBuildPhase section */

/* Begin PBXNativeTarget section */
		E8AF88842A451A1A0097FB02 /* RestaurantUI */ = {
			isa = PBXNativeTarget;
			buildConfigurationList = E8AF88942A451A1A0097FB02 /* Build configuration list for PBXNativeTarget "RestaurantUI" */;
			buildPhases = (
				E8AF88802A451A1A0097FB02 /* Headers */,
				E8AF88812A451A1A0097FB02 /* Sources */,
				E8AF88822A451A1A0097FB02 /* Frameworks */,
				E8AF88832A451A1A0097FB02 /* Resources */,
				E8AF88A02A451ADA0097FB02 /* Embed Frameworks */,
			);
			buildRules = (
			);
			dependencies = (
				E8AF889F2A451ADA0097FB02 /* PBXTargetDependency */,
			);
			name = RestaurantUI;
			productName = RestaurantUI;
			productReference = E8AF88852A451A1A0097FB02 /* RestaurantUI.framework */;
			productType = "com.apple.product-type.framework";
		};
		E8AF888B2A451A1A0097FB02 /* RestaurantUITests */ = {
			isa = PBXNativeTarget;
			buildConfigurationList = E8AF88972A451A1A0097FB02 /* Build configuration list for PBXNativeTarget "RestaurantUITests" */;
			buildPhases = (
				E8AF88882A451A1A0097FB02 /* Sources */,
				E8AF88892A451A1A0097FB02 /* Frameworks */,
				E8AF888A2A451A1A0097FB02 /* Resources */,
			);
			buildRules = (
			);
			dependencies = (
				E8AF888F2A451A1A0097FB02 /* PBXTargetDependency */,
			);
			name = RestaurantUITests;
			productName = RestaurantUITests;
			productReference = E8AF888C2A451A1A0097FB02 /* RestaurantUITests.xctest */;
			productType = "com.apple.product-type.bundle.unit-test";
		};
		E8E04E1929D32F1000E532B5 /* RestaurantDomain */ = {
			isa = PBXNativeTarget;
			buildConfigurationList = E8E04E2C29D32F1100E532B5 /* Build configuration list for PBXNativeTarget "RestaurantDomain" */;
			buildPhases = (
				E8E04E1529D32F1000E532B5 /* Headers */,
				E8E04E1629D32F1000E532B5 /* Sources */,
				E8E04E1729D32F1000E532B5 /* Frameworks */,
				E8E04E1829D32F1000E532B5 /* Resources */,
			);
			buildRules = (
			);
			dependencies = (
			);
			name = RestaurantDomain;
			productName = RestaurantDomain;
			productReference = E8E04E1A29D32F1000E532B5 /* RestaurantDomain.framework */;
			productType = "com.apple.product-type.framework";
		};
		E8E04E2129D32F1100E532B5 /* RestaurantDomainTests */ = {
			isa = PBXNativeTarget;
			buildConfigurationList = E8E04E2F29D32F1100E532B5 /* Build configuration list for PBXNativeTarget "RestaurantDomainTests" */;
			buildPhases = (
				E8E04E1E29D32F1100E532B5 /* Sources */,
				E8E04E1F29D32F1100E532B5 /* Frameworks */,
				E8E04E2029D32F1100E532B5 /* Resources */,
			);
			buildRules = (
			);
			dependencies = (
				E8E04E2529D32F1100E532B5 /* PBXTargetDependency */,
			);
			name = RestaurantDomainTests;
			productName = RestaurantDomainTests;
			productReference = E8E04E2229D32F1100E532B5 /* RestaurantDomainTests.xctest */;
			productType = "com.apple.product-type.bundle.unit-test";
		};
/* End PBXNativeTarget section */

/* Begin PBXProject section */
		E8E04E1129D32F1000E532B5 /* Project object */ = {
			isa = PBXProject;
			attributes = {
				BuildIndependentTargetsInParallel = 1;
				LastSwiftUpdateCheck = 1430;
				LastUpgradeCheck = 1420;
				TargetAttributes = {
					E8AF88842A451A1A0097FB02 = {
						CreatedOnToolsVersion = 14.3.1;
						LastSwiftMigration = 1430;
					};
					E8AF888B2A451A1A0097FB02 = {
						CreatedOnToolsVersion = 14.3.1;
					};
					E8E04E1929D32F1000E532B5 = {
						CreatedOnToolsVersion = 14.2;
						LastSwiftMigration = 1420;
					};
					E8E04E2129D32F1100E532B5 = {
						CreatedOnToolsVersion = 14.2;
					};
				};
			};
			buildConfigurationList = E8E04E1429D32F1000E532B5 /* Build configuration list for PBXProject "RestaurantDomain" */;
			compatibilityVersion = "Xcode 14.0";
			developmentRegion = en;
			hasScannedForEncodings = 0;
			knownRegions = (
				en,
				Base,
			);
			mainGroup = E8E04E1029D32F1000E532B5;
			productRefGroup = E8E04E1B29D32F1000E532B5 /* Products */;
			projectDirPath = "";
			projectRoot = "";
			targets = (
				E8E04E1929D32F1000E532B5 /* RestaurantDomain */,
				E8E04E2129D32F1100E532B5 /* RestaurantDomainTests */,
				E8AF88842A451A1A0097FB02 /* RestaurantUI */,
				E8AF888B2A451A1A0097FB02 /* RestaurantUITests */,
			);
		};
/* End PBXProject section */

/* Begin PBXResourcesBuildPhase section */
		E8AF88832A451A1A0097FB02 /* Resources */ = {
			isa = PBXResourcesBuildPhase;
			buildActionMask = 2147483647;
			files = (
			);
			runOnlyForDeploymentPostprocessing = 0;
		};
		E8AF888A2A451A1A0097FB02 /* Resources */ = {
			isa = PBXResourcesBuildPhase;
			buildActionMask = 2147483647;
			files = (
			);
			runOnlyForDeploymentPostprocessing = 0;
		};
		E8E04E1829D32F1000E532B5 /* Resources */ = {
			isa = PBXResourcesBuildPhase;
			buildActionMask = 2147483647;
			files = (
			);
			runOnlyForDeploymentPostprocessing = 0;
		};
		E8E04E2029D32F1100E532B5 /* Resources */ = {
			isa = PBXResourcesBuildPhase;
			buildActionMask = 2147483647;
			files = (
			);
			runOnlyForDeploymentPostprocessing = 0;
		};
/* End PBXResourcesBuildPhase section */

/* Begin PBXSourcesBuildPhase section */
		E8AF88812A451A1A0097FB02 /* Sources */ = {
			isa = PBXSourcesBuildPhase;
			buildActionMask = 2147483647;
			files = (
				E87AF5952A4A63D200410C71 /* RestaurantListCompose.swift in Sources */,
				E85317BC2A4A7513009ADB15 /* RestaurantListViewModel.swift in Sources */,
				E87AF5912A4A60EA00410C71 /* RestaurantItemCellController.swift in Sources */,
				E8AF889B2A451ABF0097FB02 /* RestaurantListViewController.swift in Sources */,
				E87AF58F2A4A5D2300410C71 /* RefreshController.swift in Sources */,
				E85317C42A4A8442009ADB15 /* RestaurantListPresenter.swift in Sources */,
				E85317C22A4A8236009ADB15 /* RestaurantListInteractor.swift in Sources */,
				E87AF5932A4A629500410C71 /* RestaurantItemCell.swift in Sources */,
			);
			runOnlyForDeploymentPostprocessing = 0;
		};
		E8AF88882A451A1A0097FB02 /* Sources */ = {
			isa = PBXSourcesBuildPhase;
			buildActionMask = 2147483647;
			files = (
				E8AF88A12A451AF70097FB02 /* XCTestCase+Helpers.swift in Sources */,
				E8AF88922A451A1A0097FB02 /* RestaurantUITests.swift in Sources */,
			);
			runOnlyForDeploymentPostprocessing = 0;
		};
		E8E04E1629D32F1000E532B5 /* Sources */ = {
			isa = PBXSourcesBuildPhase;
			buildActionMask = 2147483647;
			files = (
				E81C1A0A2A1459D4001A6653 /* RestaurantLoader.swift in Sources */,
				E8E04E3329D330BC00E532B5 /* RemoteRestaurantLoader.swift in Sources */,
				E8B50BFE2A26E73300911571 /* CachePolicy.swift in Sources */,
				E8ADCC1D29EC3D1C00ABC1D1 /* LocalRestaurantLoader.swift in Sources */,
				E8B50C002A26E77400911571 /* CacheClient.swift in Sources */,
				E863A75A29D4EF7C004BDB71 /* RestaurantItem.swift in Sources */,
				E863A75829D4EF24004BDB71 /* NetworkClient.swift in Sources */,
			);
			runOnlyForDeploymentPostprocessing = 0;
		};
		E8E04E1E29D32F1100E532B5 /* Sources */ = {
			isa = PBXSourcesBuildPhase;
			buildActionMask = 2147483647;
			files = (
				E84D2C6E29DCB2B500E07D3D /* XCTestCase+Helpers.swift in Sources */,
				E863A75C29D4EFCA004BDB71 /* NetworkClientSpy.swift in Sources */,
				E87CF9192A427BA200B593A9 /* CacheServiceTests.swift in Sources */,
				E81C1A0C2A145E28001A6653 /* LocalRestaurantLoaderForLoadCommandTests.swift in Sources */,
				E8B50BFC2A26CF6000911571 /* LocalRestaurantLoaderForValidateCacheCommandTests.swift in Sources */,
				E8ADCC2029EC3D3600ABC1D1 /* LocalRestaurantLoaderForSaveTests.swift in Sources */,
				E84D2C6C29DCB27800E07D3D /* URLSessionSpy.swift in Sources */,
				E828DAF329D60FAD00ECEF14 /* NetworkServiceTests.swift in Sources */,
				E81C1A0E2A1463D4001A6653 /* CacheClientSpy.swift in Sources */,
				E8E04E2829D32F1100E532B5 /* RemoteRestaurantLoaderTests.swift in Sources */,
			);
			runOnlyForDeploymentPostprocessing = 0;
		};
/* End PBXSourcesBuildPhase section */

/* Begin PBXTargetDependency section */
		E8AF888F2A451A1A0097FB02 /* PBXTargetDependency */ = {
			isa = PBXTargetDependency;
			target = E8AF88842A451A1A0097FB02 /* RestaurantUI */;
			targetProxy = E8AF888E2A451A1A0097FB02 /* PBXContainerItemProxy */;
		};
		E8AF889F2A451ADA0097FB02 /* PBXTargetDependency */ = {
			isa = PBXTargetDependency;
			target = E8E04E1929D32F1000E532B5 /* RestaurantDomain */;
			targetProxy = E8AF889E2A451ADA0097FB02 /* PBXContainerItemProxy */;
		};
		E8E04E2529D32F1100E532B5 /* PBXTargetDependency */ = {
			isa = PBXTargetDependency;
			target = E8E04E1929D32F1000E532B5 /* RestaurantDomain */;
			targetProxy = E8E04E2429D32F1100E532B5 /* PBXContainerItemProxy */;
		};
/* End PBXTargetDependency section */

/* Begin XCBuildConfiguration section */
		E8AF88952A451A1A0097FB02 /* Debug */ = {
			isa = XCBuildConfiguration;
			buildSettings = {
				CLANG_ENABLE_MODULES = YES;
				CODE_SIGN_STYLE = Automatic;
				CURRENT_PROJECT_VERSION = 1;
				DEFINES_MODULE = YES;
				DEVELOPMENT_TEAM = Y65JAZKR5L;
				DYLIB_COMPATIBILITY_VERSION = 1;
				DYLIB_CURRENT_VERSION = 1;
				DYLIB_INSTALL_NAME_BASE = "@rpath";
				ENABLE_MODULE_VERIFIER = YES;
				GENERATE_INFOPLIST_FILE = YES;
				INFOPLIST_KEY_NSHumanReadableCopyright = "";
				INSTALL_PATH = "$(LOCAL_LIBRARY_DIR)/Frameworks";
				IPHONEOS_DEPLOYMENT_TARGET = 13.0;
				LD_RUNPATH_SEARCH_PATHS = (
					"$(inherited)",
					"@executable_path/Frameworks",
					"@loader_path/Frameworks",
				);
				MARKETING_VERSION = 1.0;
				MODULE_VERIFIER_SUPPORTED_LANGUAGES = "objective-c objective-c++";
				MODULE_VERIFIER_SUPPORTED_LANGUAGE_STANDARDS = "gnu11 gnu++20";
				PRODUCT_BUNDLE_IDENTIFIER = com.devemeist3r.RestaurantUI;
				PRODUCT_NAME = "$(TARGET_NAME:c99extidentifier)";
				SDKROOT = iphoneos;
				SKIP_INSTALL = YES;
				SUPPORTED_PLATFORMS = "iphoneos iphonesimulator";
				SUPPORTS_MACCATALYST = NO;
				SUPPORTS_MAC_DESIGNED_FOR_IPHONE_IPAD = NO;
				SWIFT_EMIT_LOC_STRINGS = YES;
				SWIFT_OPTIMIZATION_LEVEL = "-Onone";
				SWIFT_VERSION = 5.0;
				TARGETED_DEVICE_FAMILY = 1;
			};
			name = Debug;
		};
		E8AF88962A451A1A0097FB02 /* Release */ = {
			isa = XCBuildConfiguration;
			buildSettings = {
				CLANG_ENABLE_MODULES = YES;
				CODE_SIGN_STYLE = Automatic;
				CURRENT_PROJECT_VERSION = 1;
				DEFINES_MODULE = YES;
				DEVELOPMENT_TEAM = Y65JAZKR5L;
				DYLIB_COMPATIBILITY_VERSION = 1;
				DYLIB_CURRENT_VERSION = 1;
				DYLIB_INSTALL_NAME_BASE = "@rpath";
				ENABLE_MODULE_VERIFIER = YES;
				GENERATE_INFOPLIST_FILE = YES;
				INFOPLIST_KEY_NSHumanReadableCopyright = "";
				INSTALL_PATH = "$(LOCAL_LIBRARY_DIR)/Frameworks";
				IPHONEOS_DEPLOYMENT_TARGET = 13.0;
				LD_RUNPATH_SEARCH_PATHS = (
					"$(inherited)",
					"@executable_path/Frameworks",
					"@loader_path/Frameworks",
				);
				MARKETING_VERSION = 1.0;
				MODULE_VERIFIER_SUPPORTED_LANGUAGES = "objective-c objective-c++";
				MODULE_VERIFIER_SUPPORTED_LANGUAGE_STANDARDS = "gnu11 gnu++20";
				PRODUCT_BUNDLE_IDENTIFIER = com.devemeist3r.RestaurantUI;
				PRODUCT_NAME = "$(TARGET_NAME:c99extidentifier)";
				SDKROOT = iphoneos;
				SKIP_INSTALL = YES;
				SUPPORTED_PLATFORMS = "iphoneos iphonesimulator";
				SUPPORTS_MACCATALYST = NO;
				SUPPORTS_MAC_DESIGNED_FOR_IPHONE_IPAD = NO;
				SWIFT_EMIT_LOC_STRINGS = YES;
				SWIFT_VERSION = 5.0;
				TARGETED_DEVICE_FAMILY = 1;
				VALIDATE_PRODUCT = YES;
			};
			name = Release;
		};
		E8AF88982A451A1A0097FB02 /* Debug */ = {
			isa = XCBuildConfiguration;
			buildSettings = {
				ALWAYS_EMBED_SWIFT_STANDARD_LIBRARIES = YES;
				CODE_SIGN_STYLE = Automatic;
				CURRENT_PROJECT_VERSION = 1;
				DEVELOPMENT_TEAM = Y65JAZKR5L;
				GENERATE_INFOPLIST_FILE = YES;
				IPHONEOS_DEPLOYMENT_TARGET = 13.0;
				MARKETING_VERSION = 1.0;
				PRODUCT_BUNDLE_IDENTIFIER = com.devemeist3r.RestaurantUITests;
				PRODUCT_NAME = "$(TARGET_NAME)";
				SDKROOT = iphoneos;
				SUPPORTED_PLATFORMS = "iphoneos iphonesimulator";
				SUPPORTS_MACCATALYST = NO;
				SUPPORTS_MAC_DESIGNED_FOR_IPHONE_IPAD = NO;
				SWIFT_EMIT_LOC_STRINGS = NO;
				SWIFT_VERSION = 5.0;
				TARGETED_DEVICE_FAMILY = 1;
			};
			name = Debug;
		};
		E8AF88992A451A1A0097FB02 /* Release */ = {
			isa = XCBuildConfiguration;
			buildSettings = {
				ALWAYS_EMBED_SWIFT_STANDARD_LIBRARIES = YES;
				CODE_SIGN_STYLE = Automatic;
				CURRENT_PROJECT_VERSION = 1;
				DEVELOPMENT_TEAM = Y65JAZKR5L;
				GENERATE_INFOPLIST_FILE = YES;
				IPHONEOS_DEPLOYMENT_TARGET = 13.0;
				MARKETING_VERSION = 1.0;
				PRODUCT_BUNDLE_IDENTIFIER = com.devemeist3r.RestaurantUITests;
				PRODUCT_NAME = "$(TARGET_NAME)";
				SDKROOT = iphoneos;
				SUPPORTED_PLATFORMS = "iphoneos iphonesimulator";
				SUPPORTS_MACCATALYST = NO;
				SUPPORTS_MAC_DESIGNED_FOR_IPHONE_IPAD = NO;
				SWIFT_EMIT_LOC_STRINGS = NO;
				SWIFT_VERSION = 5.0;
				TARGETED_DEVICE_FAMILY = 1;
				VALIDATE_PRODUCT = YES;
			};
			name = Release;
		};
		E8E04E2A29D32F1100E532B5 /* Debug */ = {
			isa = XCBuildConfiguration;
			buildSettings = {
				ALWAYS_SEARCH_USER_PATHS = NO;
				CLANG_ANALYZER_NONNULL = YES;
				CLANG_ANALYZER_NUMBER_OBJECT_CONVERSION = YES_AGGRESSIVE;
				CLANG_CXX_LANGUAGE_STANDARD = "gnu++20";
				CLANG_ENABLE_MODULES = YES;
				CLANG_ENABLE_OBJC_ARC = YES;
				CLANG_ENABLE_OBJC_WEAK = YES;
				CLANG_WARN_BLOCK_CAPTURE_AUTORELEASING = YES;
				CLANG_WARN_BOOL_CONVERSION = YES;
				CLANG_WARN_COMMA = YES;
				CLANG_WARN_CONSTANT_CONVERSION = YES;
				CLANG_WARN_DEPRECATED_OBJC_IMPLEMENTATIONS = YES;
				CLANG_WARN_DIRECT_OBJC_ISA_USAGE = YES_ERROR;
				CLANG_WARN_DOCUMENTATION_COMMENTS = YES;
				CLANG_WARN_EMPTY_BODY = YES;
				CLANG_WARN_ENUM_CONVERSION = YES;
				CLANG_WARN_INFINITE_RECURSION = YES;
				CLANG_WARN_INT_CONVERSION = YES;
				CLANG_WARN_NON_LITERAL_NULL_CONVERSION = YES;
				CLANG_WARN_OBJC_IMPLICIT_RETAIN_SELF = YES;
				CLANG_WARN_OBJC_LITERAL_CONVERSION = YES;
				CLANG_WARN_OBJC_ROOT_CLASS = YES_ERROR;
				CLANG_WARN_QUOTED_INCLUDE_IN_FRAMEWORK_HEADER = YES;
				CLANG_WARN_RANGE_LOOP_ANALYSIS = YES;
				CLANG_WARN_STRICT_PROTOTYPES = YES;
				CLANG_WARN_SUSPICIOUS_MOVE = YES;
				CLANG_WARN_UNGUARDED_AVAILABILITY = YES_AGGRESSIVE;
				CLANG_WARN_UNREACHABLE_CODE = YES;
				CLANG_WARN__DUPLICATE_METHOD_MATCH = YES;
				COPY_PHASE_STRIP = NO;
				CURRENT_PROJECT_VERSION = 1;
				DEBUG_INFORMATION_FORMAT = dwarf;
				ENABLE_STRICT_OBJC_MSGSEND = YES;
				ENABLE_TESTABILITY = YES;
				GCC_C_LANGUAGE_STANDARD = gnu11;
				GCC_DYNAMIC_NO_PIC = NO;
				GCC_NO_COMMON_BLOCKS = YES;
				GCC_OPTIMIZATION_LEVEL = 0;
				GCC_PREPROCESSOR_DEFINITIONS = (
					"DEBUG=1",
					"$(inherited)",
				);
				GCC_WARN_64_TO_32_BIT_CONVERSION = YES;
				GCC_WARN_ABOUT_RETURN_TYPE = YES_ERROR;
				GCC_WARN_UNDECLARED_SELECTOR = YES;
				GCC_WARN_UNINITIALIZED_AUTOS = YES_AGGRESSIVE;
				GCC_WARN_UNUSED_FUNCTION = YES;
				GCC_WARN_UNUSED_VARIABLE = YES;
				MACOSX_DEPLOYMENT_TARGET = 13.1;
				MTL_ENABLE_DEBUG_INFO = INCLUDE_SOURCE;
				MTL_FAST_MATH = YES;
				ONLY_ACTIVE_ARCH = YES;
				SDKROOT = macosx;
				SWIFT_ACTIVE_COMPILATION_CONDITIONS = DEBUG;
				SWIFT_OPTIMIZATION_LEVEL = "-Onone";
				VERSIONING_SYSTEM = "apple-generic";
				VERSION_INFO_PREFIX = "";
			};
			name = Debug;
		};
		E8E04E2B29D32F1100E532B5 /* Release */ = {
			isa = XCBuildConfiguration;
			buildSettings = {
				ALWAYS_SEARCH_USER_PATHS = NO;
				CLANG_ANALYZER_NONNULL = YES;
				CLANG_ANALYZER_NUMBER_OBJECT_CONVERSION = YES_AGGRESSIVE;
				CLANG_CXX_LANGUAGE_STANDARD = "gnu++20";
				CLANG_ENABLE_MODULES = YES;
				CLANG_ENABLE_OBJC_ARC = YES;
				CLANG_ENABLE_OBJC_WEAK = YES;
				CLANG_WARN_BLOCK_CAPTURE_AUTORELEASING = YES;
				CLANG_WARN_BOOL_CONVERSION = YES;
				CLANG_WARN_COMMA = YES;
				CLANG_WARN_CONSTANT_CONVERSION = YES;
				CLANG_WARN_DEPRECATED_OBJC_IMPLEMENTATIONS = YES;
				CLANG_WARN_DIRECT_OBJC_ISA_USAGE = YES_ERROR;
				CLANG_WARN_DOCUMENTATION_COMMENTS = YES;
				CLANG_WARN_EMPTY_BODY = YES;
				CLANG_WARN_ENUM_CONVERSION = YES;
				CLANG_WARN_INFINITE_RECURSION = YES;
				CLANG_WARN_INT_CONVERSION = YES;
				CLANG_WARN_NON_LITERAL_NULL_CONVERSION = YES;
				CLANG_WARN_OBJC_IMPLICIT_RETAIN_SELF = YES;
				CLANG_WARN_OBJC_LITERAL_CONVERSION = YES;
				CLANG_WARN_OBJC_ROOT_CLASS = YES_ERROR;
				CLANG_WARN_QUOTED_INCLUDE_IN_FRAMEWORK_HEADER = YES;
				CLANG_WARN_RANGE_LOOP_ANALYSIS = YES;
				CLANG_WARN_STRICT_PROTOTYPES = YES;
				CLANG_WARN_SUSPICIOUS_MOVE = YES;
				CLANG_WARN_UNGUARDED_AVAILABILITY = YES_AGGRESSIVE;
				CLANG_WARN_UNREACHABLE_CODE = YES;
				CLANG_WARN__DUPLICATE_METHOD_MATCH = YES;
				COPY_PHASE_STRIP = NO;
				CURRENT_PROJECT_VERSION = 1;
				DEBUG_INFORMATION_FORMAT = "dwarf-with-dsym";
				ENABLE_NS_ASSERTIONS = NO;
				ENABLE_STRICT_OBJC_MSGSEND = YES;
				GCC_C_LANGUAGE_STANDARD = gnu11;
				GCC_NO_COMMON_BLOCKS = YES;
				GCC_WARN_64_TO_32_BIT_CONVERSION = YES;
				GCC_WARN_ABOUT_RETURN_TYPE = YES_ERROR;
				GCC_WARN_UNDECLARED_SELECTOR = YES;
				GCC_WARN_UNINITIALIZED_AUTOS = YES_AGGRESSIVE;
				GCC_WARN_UNUSED_FUNCTION = YES;
				GCC_WARN_UNUSED_VARIABLE = YES;
				MACOSX_DEPLOYMENT_TARGET = 13.1;
				MTL_ENABLE_DEBUG_INFO = NO;
				MTL_FAST_MATH = YES;
				SDKROOT = macosx;
				SWIFT_COMPILATION_MODE = wholemodule;
				SWIFT_OPTIMIZATION_LEVEL = "-O";
				VERSIONING_SYSTEM = "apple-generic";
				VERSION_INFO_PREFIX = "";
			};
			name = Release;
		};
		E8E04E2D29D32F1100E532B5 /* Debug */ = {
			isa = XCBuildConfiguration;
			buildSettings = {
				CLANG_ENABLE_MODULES = YES;
				CODE_SIGN_STYLE = Automatic;
				COMBINE_HIDPI_IMAGES = YES;
				CURRENT_PROJECT_VERSION = 1;
				DEFINES_MODULE = YES;
				DEVELOPMENT_TEAM = Y65JAZKR5L;
				DYLIB_COMPATIBILITY_VERSION = 1;
				DYLIB_CURRENT_VERSION = 1;
				DYLIB_INSTALL_NAME_BASE = "@rpath";
				GENERATE_INFOPLIST_FILE = YES;
				INFOPLIST_KEY_NSHumanReadableCopyright = "";
				INSTALL_PATH = "$(LOCAL_LIBRARY_DIR)/Frameworks";
				IPHONEOS_DEPLOYMENT_TARGET = 13.0;
				LD_RUNPATH_SEARCH_PATHS = (
					"$(inherited)",
					"@executable_path/../Frameworks",
					"@loader_path/Frameworks",
				);
				MARKETING_VERSION = 1.0;
				PRODUCT_BUNDLE_IDENTIFIER = com.devemeist3r.RestaurantDomain;
				PRODUCT_NAME = "$(TARGET_NAME:c99extidentifier)";
				SKIP_INSTALL = YES;
				SUPPORTED_PLATFORMS = "iphoneos iphonesimulator macosx";
				SUPPORTS_MACCATALYST = NO;
				SUPPORTS_MAC_DESIGNED_FOR_IPHONE_IPAD = NO;
				SWIFT_EMIT_LOC_STRINGS = YES;
				SWIFT_OPTIMIZATION_LEVEL = "-Onone";
				SWIFT_VERSION = 5.0;
				TARGETED_DEVICE_FAMILY = 1;
			};
			name = Debug;
		};
		E8E04E2E29D32F1100E532B5 /* Release */ = {
			isa = XCBuildConfiguration;
			buildSettings = {
				CLANG_ENABLE_MODULES = YES;
				CODE_SIGN_STYLE = Automatic;
				COMBINE_HIDPI_IMAGES = YES;
				CURRENT_PROJECT_VERSION = 1;
				DEFINES_MODULE = YES;
				DEVELOPMENT_TEAM = Y65JAZKR5L;
				DYLIB_COMPATIBILITY_VERSION = 1;
				DYLIB_CURRENT_VERSION = 1;
				DYLIB_INSTALL_NAME_BASE = "@rpath";
				GENERATE_INFOPLIST_FILE = YES;
				INFOPLIST_KEY_NSHumanReadableCopyright = "";
				INSTALL_PATH = "$(LOCAL_LIBRARY_DIR)/Frameworks";
				IPHONEOS_DEPLOYMENT_TARGET = 13.0;
				LD_RUNPATH_SEARCH_PATHS = (
					"$(inherited)",
					"@executable_path/../Frameworks",
					"@loader_path/Frameworks",
				);
				MARKETING_VERSION = 1.0;
				PRODUCT_BUNDLE_IDENTIFIER = com.devemeist3r.RestaurantDomain;
				PRODUCT_NAME = "$(TARGET_NAME:c99extidentifier)";
				SKIP_INSTALL = YES;
				SUPPORTED_PLATFORMS = "iphoneos iphonesimulator macosx";
				SUPPORTS_MACCATALYST = NO;
				SUPPORTS_MAC_DESIGNED_FOR_IPHONE_IPAD = NO;
				SWIFT_EMIT_LOC_STRINGS = YES;
				SWIFT_VERSION = 5.0;
				TARGETED_DEVICE_FAMILY = 1;
			};
			name = Release;
		};
		E8E04E3029D32F1100E532B5 /* Debug */ = {
			isa = XCBuildConfiguration;
			buildSettings = {
				ALWAYS_EMBED_SWIFT_STANDARD_LIBRARIES = YES;
				CODE_SIGN_STYLE = Automatic;
				CURRENT_PROJECT_VERSION = 1;
				DEVELOPMENT_TEAM = Y65JAZKR5L;
				GENERATE_INFOPLIST_FILE = YES;
				MARKETING_VERSION = 1.0;
				PRODUCT_BUNDLE_IDENTIFIER = com.devemeist3r.RestaurantDomainTests;
				PRODUCT_NAME = "$(TARGET_NAME)";
				SWIFT_EMIT_LOC_STRINGS = NO;
				SWIFT_VERSION = 5.0;
			};
			name = Debug;
		};
		E8E04E3129D32F1100E532B5 /* Release */ = {
			isa = XCBuildConfiguration;
			buildSettings = {
				ALWAYS_EMBED_SWIFT_STANDARD_LIBRARIES = YES;
				CODE_SIGN_STYLE = Automatic;
				CURRENT_PROJECT_VERSION = 1;
				DEVELOPMENT_TEAM = Y65JAZKR5L;
				GENERATE_INFOPLIST_FILE = YES;
				MARKETING_VERSION = 1.0;
				PRODUCT_BUNDLE_IDENTIFIER = com.devemeist3r.RestaurantDomainTests;
				PRODUCT_NAME = "$(TARGET_NAME)";
				SWIFT_EMIT_LOC_STRINGS = NO;
				SWIFT_VERSION = 5.0;
			};
			name = Release;
		};
/* End XCBuildConfiguration section */

/* Begin XCConfigurationList section */
		E8AF88942A451A1A0097FB02 /* Build configuration list for PBXNativeTarget "RestaurantUI" */ = {
			isa = XCConfigurationList;
			buildConfigurations = (
				E8AF88952A451A1A0097FB02 /* Debug */,
				E8AF88962A451A1A0097FB02 /* Release */,
			);
			defaultConfigurationIsVisible = 0;
			defaultConfigurationName = Release;
		};
		E8AF88972A451A1A0097FB02 /* Build configuration list for PBXNativeTarget "RestaurantUITests" */ = {
			isa = XCConfigurationList;
			buildConfigurations = (
				E8AF88982A451A1A0097FB02 /* Debug */,
				E8AF88992A451A1A0097FB02 /* Release */,
			);
			defaultConfigurationIsVisible = 0;
			defaultConfigurationName = Release;
		};
		E8E04E1429D32F1000E532B5 /* Build configuration list for PBXProject "RestaurantDomain" */ = {
			isa = XCConfigurationList;
			buildConfigurations = (
				E8E04E2A29D32F1100E532B5 /* Debug */,
				E8E04E2B29D32F1100E532B5 /* Release */,
			);
			defaultConfigurationIsVisible = 0;
			defaultConfigurationName = Release;
		};
		E8E04E2C29D32F1100E532B5 /* Build configuration list for PBXNativeTarget "RestaurantDomain" */ = {
			isa = XCConfigurationList;
			buildConfigurations = (
				E8E04E2D29D32F1100E532B5 /* Debug */,
				E8E04E2E29D32F1100E532B5 /* Release */,
			);
			defaultConfigurationIsVisible = 0;
			defaultConfigurationName = Release;
		};
		E8E04E2F29D32F1100E532B5 /* Build configuration list for PBXNativeTarget "RestaurantDomainTests" */ = {
			isa = XCConfigurationList;
			buildConfigurations = (
				E8E04E3029D32F1100E532B5 /* Debug */,
				E8E04E3129D32F1100E532B5 /* Release */,
			);
			defaultConfigurationIsVisible = 0;
			defaultConfigurationName = Release;
		};
/* End XCConfigurationList section */
	};
	rootObject = E8E04E1129D32F1000E532B5 /* Project object */;
}
